
Microsoft Visual Studio Solution File, Format Version 12.00
# Visual Studio Version 17
VisualStudioVersion = 17.4.33213.308
MinimumVisualStudioVersion = 10.0.40219.1
Project("{FAE04EC0-301F-11D3-BF4B-00C04F79EFBC}") = "PR3_player", "PR3_player.csproj", "{2FDCD909-9B5F-47BC-8B68-8C8CB03BBA4C}"
EndProject
Global
	GlobalSection(SolutionConfigurationPlatforms) = preSolution
		Debug|Any CPU = Debug|Any CPU
		Release|Any CPU = Release|Any CPU
	EndGlobalSection
	GlobalSection(ProjectConfigurationPlatforms) = postSolution
		{2FDCD909-9B5F-47BC-8B68-8C8CB03BBA4C}.Debug|Any CPU.ActiveCfg = Debug|Any CPU
		{2FDCD909-9B5F-47BC-8B68-8C8CB03BBA4C}.Debug|Any CPU.Build.0 = Debug|Any CPU
		{2FDCD909-9B5F-47BC-8B68-8C8CB03BBA4C}.Release|Any CPU.ActiveCfg = Release|Any CPU
		{2FDCD909-9B5F-47BC-8B68-8C8CB03BBA4C}.Release|Any CPU.Build.0 = Release|Any CPU
	EndGlobalSection
	GlobalSection(SolutionProperties) = preSolution
		HideSolutionNode = FALSE
	EndGlobalSection
	GlobalSection(ExtensibilityGlobals) = postSolution
		SolutionGuid = {B9B0C830-CBA8-4E5D-A117-FC0678FBEF0A}
	EndGlobalSection
EndGlobal
